
Microsoft Visual Studio Solution File, Format Version 12.00
# Visual Studio Version 17
VisualStudioVersion = 17.0.31919.166
MinimumVisualStudioVersion = 10.0.40219.1
Project("{9A19103F-16F7-4668-BE54-9A1E7A4F7556}") = "ShopBridgeBackendMinimalApi", "ShopBridgeBackendMinimalApi\ShopBridgeBackendMinimalApi.csproj", "{D3454B26-3FEE-48E5-8AE2-719B7CD3E927}"
EndProject
Project("{FAE04EC0-301F-11D3-BF4B-00C04F79EFBC}") = "ShopBridgeBackendMinimalApi.Tests", "ShopBridgeBackendMinimalApi.Tests\ShopBridgeBackendMinimalApi.Tests.csproj", "{D5555394-D265-4391-95DF-BA3FABB9FE42}"
EndProject
Global
	GlobalSection(SolutionConfigurationPlatforms) = preSolution
		Debug|Any CPU = Debug|Any CPU
		Release|Any CPU = Release|Any CPU
	EndGlobalSection
	GlobalSection(ProjectConfigurationPlatforms) = postSolution
		{D3454B26-3FEE-48E5-8AE2-719B7CD3E927}.Debug|Any CPU.ActiveCfg = Debug|Any CPU
		{D3454B26-3FEE-48E5-8AE2-719B7CD3E927}.Debug|Any CPU.Build.0 = Debug|Any CPU
		{D3454B26-3FEE-48E5-8AE2-719B7CD3E927}.Release|Any CPU.ActiveCfg = Release|Any CPU
		{D3454B26-3FEE-48E5-8AE2-719B7CD3E927}.Release|Any CPU.Build.0 = Release|Any CPU
		{D5555394-D265-4391-95DF-BA3FABB9FE42}.Debug|Any CPU.ActiveCfg = Debug|Any CPU
		{D5555394-D265-4391-95DF-BA3FABB9FE42}.Debug|Any CPU.Build.0 = Debug|Any CPU
		{D5555394-D265-4391-95DF-BA3FABB9FE42}.Release|Any CPU.ActiveCfg = Release|Any CPU
		{D5555394-D265-4391-95DF-BA3FABB9FE42}.Release|Any CPU.Build.0 = Release|Any CPU
	EndGlobalSection
	GlobalSection(SolutionProperties) = preSolution
		HideSolutionNode = FALSE
	EndGlobalSection
	GlobalSection(ExtensibilityGlobals) = postSolution
		SolutionGuid = {0A7168ED-B3E6-42FB-8FF0-78A18DC68DEA}
	EndGlobalSection
EndGlobal
